// !$*UTF8*$!
{
	archiveVersion = 1;
	classes = {
	};
	objectVersion = 63;
	objects = {

/* Begin PBXBuildFile section */
		1FB8A4099A28DFF82424200E /* LaunchScreen.storyboard in Resources */ = {isa = PBXBuildFile; fileRef = 254FD9B97224DF787F708D0F /* LaunchScreen.storyboard */; };
		2300DC521A3CFC4BA4F61A12 /* FBSpotDetailedView.swift in Sources */ = {isa = PBXBuildFile; fileRef = 18999E42259FF8F3A4FC3EA8 /* FBSpotDetailedView.swift */; };
		288691F2E39ECA5504AC9D23 /* FBSpotsView.swift in Sources */ = {isa = PBXBuildFile; fileRef = 513727A26FA465135D273272 /* FBSpotsView.swift */; };
		3BDB64F71E2AFFF24533D4CF /* ForestBerryScreen.swift in Sources */ = {isa = PBXBuildFile; fileRef = 28D2CA9A9A0B83125B1E477E /* ForestBerryScreen.swift */; };
		4646195E6C5D1AF98A83F30D /* FBJournalView.swift in Sources */ = {isa = PBXBuildFile; fileRef = 945258A58BADB39015E2643B /* FBJournalView.swift */; };
		48A2D770CA0ACCB1C246E5AC /* ForestBerryBackground.swift in Sources */ = {isa = PBXBuildFile; fileRef = 09B74DA32EDDF2A56752ADE5 /* ForestBerryBackground.swift */; };
		531749A3F0FF0C5C2A054AB3 /* FBStatisticsView.swift in Sources */ = {isa = PBXBuildFile; fileRef = 63455D0DA7223C6F79D79371 /* FBStatisticsView.swift */; };
		59B7C884EF2A5EDD3BBC7290 /* FavoriteSpot.swift in Sources */ = {isa = PBXBuildFile; fileRef = 414F9E2157D2013744F2412E /* FavoriteSpot.swift */; };
		7B990FA4B8A1F9327FA07362 /* FBAddSpotView.swift in Sources */ = {isa = PBXBuildFile; fileRef = 36B702674180614C322A0C19 /* FBAddSpotView.swift */; };
		849467B59F7B6C227EA8A9E4 /* HarvestEntry.swift in Sources */ = {isa = PBXBuildFile; fileRef = E57BA258E784F0C7258B4CDA /* HarvestEntry.swift */; };
		911519A3D193DFF317A01233 /* FavoriteSpotsManager.swift in Sources */ = {isa = PBXBuildFile; fileRef = 1D902D6BF84D36FB53C56D51 /* FavoriteSpotsManager.swift */; };
		924AE1F5E88669410AB35808 /* HarvestJournalManager.swift in Sources */ = {isa = PBXBuildFile; fileRef = 5D4373AA55D31CE7F3C3395A /* HarvestJournalManager.swift */; };
		A5996A232428BD589CF72C35 /* LoadingView.swift in Sources */ = {isa = PBXBuildFile; fileRef = 7AACC89A46DED047E25C1DB6 /* LoadingView.swift */; };
		C7F5414722D01A514EE23E21 /* ForestBerryApp.swift in Sources */ = {isa = PBXBuildFile; fileRef = C9BC27C77ECFCBC4F8B1CDBA /* ForestBerryApp.swift */; };
		D2A0449ECD609CE18482FE3E /* FBJournalDetailView.swift in Sources */ = {isa = PBXBuildFile; fileRef = 3C9D0F84120B65AF61427B8F /* FBJournalDetailView.swift */; };
		D4830C7361116470CD032A45 /* FBAddFeeView.swift in Sources */ = {isa = PBXBuildFile; fileRef = 4A843A72D85A8269C4BC2A1F /* FBAddFeeView.swift */; };
		E5D8E893D863DC120D90618F /* Assets.xcassets in Resources */ = {isa = PBXBuildFile; fileRef = 58656C1DB12C149E34704D23 /* Assets.xcassets */; };
		E8D6F21452F3797BB9C170F9 /* MainTabView.swift in Sources */ = {isa = PBXBuildFile; fileRef = CFB926C55C9D3134B414B5DD /* MainTabView.swift */; };
		F654F442425EBF82D4E6D117 /* FBSettingsView.swift in Sources */ = {isa = PBXBuildFile; fileRef = F342A380D28A46F014E36852 /* FBSettingsView.swift */; };
		FFDB7FF64DA1D6B7E1765028 /* ContentView.swift in Sources */ = {isa = PBXBuildFile; fileRef = 5AAAE2E0AAE080637415914E /* ContentView.swift */; };
/* End PBXBuildFile section */

/* Begin PBXFileReference section */
		09B74DA32EDDF2A56752ADE5 /* ForestBerryBackground.swift */ = {isa = PBXFileReference; lastKnownFileType = sourcecode.swift; path = ForestBerryBackground.swift; sourceTree = "<group>"; };
		108A22A95D77D4EF85703BDE /* ForestBerry.entitlements */ = {isa = PBXFileReference; lastKnownFileType = text.plist.entitlements; path = ForestBerry.entitlements; sourceTree = "<group>"; };
		18999E42259FF8F3A4FC3EA8 /* FBSpotDetailedView.swift */ = {isa = PBXFileReference; lastKnownFileType = sourcecode.swift; path = FBSpotDetailedView.swift; sourceTree = "<group>"; };
		1D902D6BF84D36FB53C56D51 /* FavoriteSpotsManager.swift */ = {isa = PBXFileReference; lastKnownFileType = sourcecode.swift; path = FavoriteSpotsManager.swift; sourceTree = "<group>"; };
		254FD9B97224DF787F708D0F /* LaunchScreen.storyboard */ = {isa = PBXFileReference; lastKnownFileType = file.storyboard; path = LaunchScreen.storyboard; sourceTree = "<group>"; };
		28D2CA9A9A0B83125B1E477E /* ForestBerryScreen.swift */ = {isa = PBXFileReference; lastKnownFileType = sourcecode.swift; path = ForestBerryScreen.swift; sourceTree = "<group>"; };
		36B702674180614C322A0C19 /* FBAddSpotView.swift */ = {isa = PBXFileReference; lastKnownFileType = sourcecode.swift; path = FBAddSpotView.swift; sourceTree = "<group>"; };
		3C9D0F84120B65AF61427B8F /* FBJournalDetailView.swift */ = {isa = PBXFileReference; lastKnownFileType = sourcecode.swift; path = FBJournalDetailView.swift; sourceTree = "<group>"; };
		414F9E2157D2013744F2412E /* FavoriteSpot.swift */ = {isa = PBXFileReference; lastKnownFileType = sourcecode.swift; path = FavoriteSpot.swift; sourceTree = "<group>"; };
		49DF310CC4D46763E2B22780 /* ForestBerry.app */ = {isa = PBXFileReference; explicitFileType = wrapper.application; includeInIndex = 0; path = ForestBerry.app; sourceTree = BUILT_PRODUCTS_DIR; };
		4A843A72D85A8269C4BC2A1F /* FBAddFeeView.swift */ = {isa = PBXFileReference; lastKnownFileType = sourcecode.swift; path = FBAddFeeView.swift; sourceTree = "<group>"; };
		513727A26FA465135D273272 /* FBSpotsView.swift */ = {isa = PBXFileReference; lastKnownFileType = sourcecode.swift; path = FBSpotsView.swift; sourceTree = "<group>"; };
		58656C1DB12C149E34704D23 /* Assets.xcassets */ = {isa = PBXFileReference; lastKnownFileType = folder.assetcatalog; path = Assets.xcassets; sourceTree = "<group>"; };
		5AAAE2E0AAE080637415914E /* ContentView.swift */ = {isa = PBXFileReference; lastKnownFileType = sourcecode.swift; path = ContentView.swift; sourceTree = "<group>"; };
		5D4373AA55D31CE7F3C3395A /* HarvestJournalManager.swift */ = {isa = PBXFileReference; lastKnownFileType = sourcecode.swift; path = HarvestJournalManager.swift; sourceTree = "<group>"; };
		63455D0DA7223C6F79D79371 /* FBStatisticsView.swift */ = {isa = PBXFileReference; lastKnownFileType = sourcecode.swift; path = FBStatisticsView.swift; sourceTree = "<group>"; };
		7AACC89A46DED047E25C1DB6 /* LoadingView.swift */ = {isa = PBXFileReference; lastKnownFileType = sourcecode.swift; path = LoadingView.swift; sourceTree = "<group>"; };
		945258A58BADB39015E2643B /* FBJournalView.swift */ = {isa = PBXFileReference; lastKnownFileType = sourcecode.swift; path = FBJournalView.swift; sourceTree = "<group>"; };
		B8D62FF4F5264743B793F56E /* Info.plist */ = {isa = PBXFileReference; lastKnownFileType = text.plist; path = Info.plist; sourceTree = "<group>"; };
		C9BC27C77ECFCBC4F8B1CDBA /* ForestBerryApp.swift */ = {isa = PBXFileReference; lastKnownFileType = sourcecode.swift; path = ForestBerryApp.swift; sourceTree = "<group>"; };
		CFB926C55C9D3134B414B5DD /* MainTabView.swift */ = {isa = PBXFileReference; lastKnownFileType = sourcecode.swift; path = MainTabView.swift; sourceTree = "<group>"; };
		E57BA258E784F0C7258B4CDA /* HarvestEntry.swift */ = {isa = PBXFileReference; lastKnownFileType = sourcecode.swift; path = HarvestEntry.swift; sourceTree = "<group>"; };
		F342A380D28A46F014E36852 /* FBSettingsView.swift */ = {isa = PBXFileReference; lastKnownFileType = sourcecode.swift; path = FBSettingsView.swift; sourceTree = "<group>"; };
/* End PBXFileReference section */

/* Begin PBXGroup section */
		0B765F5EE92B9A0297C1B600 /* Spots */ = {
			isa = PBXGroup;
			children = (
				36B702674180614C322A0C19 /* FBAddSpotView.swift */,
				18999E42259FF8F3A4FC3EA8 /* FBSpotDetailedView.swift */,
				513727A26FA465135D273272 /* FBSpotsView.swift */,
			);
			path = Spots;
			sourceTree = "<group>";
		};
		170E58C6C013AC6F83D02EEC /* Statistics */ = {
			isa = PBXGroup;
			children = (
				63455D0DA7223C6F79D79371 /* FBStatisticsView.swift */,
			);
			path = Statistics;
			sourceTree = "<group>";
		};
		17758FB0BE08302B1B21DE94 /* Managers */ = {
			isa = PBXGroup;
			children = (
				1D902D6BF84D36FB53C56D51 /* FavoriteSpotsManager.swift */,
				5D4373AA55D31CE7F3C3395A /* HarvestJournalManager.swift */,
			);
			path = Managers;
			sourceTree = "<group>";
		};
		23A8E7ACBAF8B225ABC3DF09 = {
			isa = PBXGroup;
			children = (
				E532C316E6847C8CB4CB135E /* ForestBerry */,
				95B7739AFF0D00846A735BAD /* Products */,
			);
			sourceTree = "<group>";
		};
		30CAEF8E5A2A79787DD2DE9C /* Models */ = {
			isa = PBXGroup;
			children = (
				414F9E2157D2013744F2412E /* FavoriteSpot.swift */,
				E57BA258E784F0C7258B4CDA /* HarvestEntry.swift */,
			);
			path = Models;
			sourceTree = "<group>";
		};
		4FF0C1357DCA652D69720199 /* Shared */ = {
			isa = PBXGroup;
			children = (
				09B74DA32EDDF2A56752ADE5 /* ForestBerryBackground.swift */,
				28D2CA9A9A0B83125B1E477E /* ForestBerryScreen.swift */,
			);
			path = Shared;
			sourceTree = "<group>";
		};
		57C72A520115A5B0AD841E69 /* Views */ = {
			isa = PBXGroup;
			children = (
				D8179880BDA934A717B211B9 /* Journal */,
				750E4AB89B80D151CAD27102 /* Loading */,
				B0324780DACC0F79876E3F35 /* MainTab */,
				845001520779B86DDC273084 /* Settings */,
				4FF0C1357DCA652D69720199 /* Shared */,
				0B765F5EE92B9A0297C1B600 /* Spots */,
				170E58C6C013AC6F83D02EEC /* Statistics */,
			);
			path = Views;
			sourceTree = "<group>";
		};
		750E4AB89B80D151CAD27102 /* Loading */ = {
			isa = PBXGroup;
			children = (
				7AACC89A46DED047E25C1DB6 /* LoadingView.swift */,
			);
			path = Loading;
			sourceTree = "<group>";
		};
		82303CC7BE9AAB024EB47D78 /* Details */ = {
			isa = PBXGroup;
			children = (
				3C9D0F84120B65AF61427B8F /* FBJournalDetailView.swift */,
			);
			path = Details;
			sourceTree = "<group>";
		};
		845001520779B86DDC273084 /* Settings */ = {
			isa = PBXGroup;
			children = (
				F342A380D28A46F014E36852 /* FBSettingsView.swift */,
			);
			path = Settings;
			sourceTree = "<group>";
		};
		95B7739AFF0D00846A735BAD /* Products */ = {
			isa = PBXGroup;
			children = (
				49DF310CC4D46763E2B22780 /* ForestBerry.app */,
			);
			name = Products;
			sourceTree = "<group>";
		};
		98E7A646B82ADBE94DE6AEDA /* Add */ = {
			isa = PBXGroup;
			children = (
				4A843A72D85A8269C4BC2A1F /* FBAddFeeView.swift */,
			);
			path = Add;
			sourceTree = "<group>";
		};
		B0324780DACC0F79876E3F35 /* MainTab */ = {
			isa = PBXGroup;
			children = (
				CFB926C55C9D3134B414B5DD /* MainTabView.swift */,
			);
			path = MainTab;
			sourceTree = "<group>";
		};
		D8179880BDA934A717B211B9 /* Journal */ = {
			isa = PBXGroup;
			children = (
				945258A58BADB39015E2643B /* FBJournalView.swift */,
				98E7A646B82ADBE94DE6AEDA /* Add */,
				82303CC7BE9AAB024EB47D78 /* Details */,
			);
			path = Journal;
			sourceTree = "<group>";
		};
		E532C316E6847C8CB4CB135E /* ForestBerry */ = {
			isa = PBXGroup;
			children = (
				58656C1DB12C149E34704D23 /* Assets.xcassets */,
				5AAAE2E0AAE080637415914E /* ContentView.swift */,
				108A22A95D77D4EF85703BDE /* ForestBerry.entitlements */,
				C9BC27C77ECFCBC4F8B1CDBA /* ForestBerryApp.swift */,
				B8D62FF4F5264743B793F56E /* Info.plist */,
				254FD9B97224DF787F708D0F /* LaunchScreen.storyboard */,
				17758FB0BE08302B1B21DE94 /* Managers */,
				30CAEF8E5A2A79787DD2DE9C /* Models */,
				57C72A520115A5B0AD841E69 /* Views */,
			);
			path = ForestBerry;
			sourceTree = "<group>";
		};
/* End PBXGroup section */

/* Begin PBXNativeTarget section */
		97EA3106FDA853BF53C1738F /* ForestBerry */ = {
			isa = PBXNativeTarget;
			buildConfigurationList = 510C73A5EBE3AA4730A1CD83 /* Build configuration list for PBXNativeTarget "ForestBerry" */;
			buildPhases = (
				F478148EDD876026D45C4E0E /* Sources */,
				5559C54850DF4A3451C7E1F6 /* Resources */,
			);
			buildRules = (
			);
			dependencies = (
			);
			name = ForestBerry;
			packageProductDependencies = (
			);
			productName = ForestBerry;
			productReference = 49DF310CC4D46763E2B22780 /* ForestBerry.app */;
			productType = "com.apple.product-type.application";
		};
/* End PBXNativeTarget section */

/* Begin PBXProject section */
		5FD492FE08A234A5A6BF5FA0 /* Project object */ = {
			isa = PBXProject;
			attributes = {
				BuildIndependentTargetsInParallel = YES;
				LastUpgradeCheck = 1430;
			};
			buildConfigurationList = 787D2AB86F84610DB2D5CB07 /* Build configuration list for PBXProject "ForestBerry" */;
			compatibilityVersion = "Xcode 14.0";
			developmentRegion = en;
			hasScannedForEncodings = 0;
			knownRegions = (
				Base,
				en,
			);
			mainGroup = 23A8E7ACBAF8B225ABC3DF09;
			minimizedProjectReferenceProxies = 1;
			projectDirPath = "";
			projectRoot = "";
			targets = (
				97EA3106FDA853BF53C1738F /* ForestBerry */,
			);
		};
/* End PBXProject section */

/* Begin PBXResourcesBuildPhase section */
		5559C54850DF4A3451C7E1F6 /* Resources */ = {
			isa = PBXResourcesBuildPhase;
			buildActionMask = 2147483647;
			files = (
				E5D8E893D863DC120D90618F /* Assets.xcassets in Resources */,
				1FB8A4099A28DFF82424200E /* LaunchScreen.storyboard in Resources */,
			);
			runOnlyForDeploymentPostprocessing = 0;
		};
/* End PBXResourcesBuildPhase section */

/* Begin PBXSourcesBuildPhase section */
		F478148EDD876026D45C4E0E /* Sources */ = {
			isa = PBXSourcesBuildPhase;
			buildActionMask = 2147483647;
			files = (
				FFDB7FF64DA1D6B7E1765028 /* ContentView.swift in Sources */,
				D4830C7361116470CD032A45 /* FBAddFeeView.swift in Sources */,
				7B990FA4B8A1F9327FA07362 /* FBAddSpotView.swift in Sources */,
				D2A0449ECD609CE18482FE3E /* FBJournalDetailView.swift in Sources */,
				4646195E6C5D1AF98A83F30D /* FBJournalView.swift in Sources */,
				F654F442425EBF82D4E6D117 /* FBSettingsView.swift in Sources */,
				2300DC521A3CFC4BA4F61A12 /* FBSpotDetailedView.swift in Sources */,
				288691F2E39ECA5504AC9D23 /* FBSpotsView.swift in Sources */,
				531749A3F0FF0C5C2A054AB3 /* FBStatisticsView.swift in Sources */,
				59B7C884EF2A5EDD3BBC7290 /* FavoriteSpot.swift in Sources */,
				911519A3D193DFF317A01233 /* FavoriteSpotsManager.swift in Sources */,
				C7F5414722D01A514EE23E21 /* ForestBerryApp.swift in Sources */,
				48A2D770CA0ACCB1C246E5AC /* ForestBerryBackground.swift in Sources */,
				3BDB64F71E2AFFF24533D4CF /* ForestBerryScreen.swift in Sources */,
				849467B59F7B6C227EA8A9E4 /* HarvestEntry.swift in Sources */,
				924AE1F5E88669410AB35808 /* HarvestJournalManager.swift in Sources */,
				A5996A232428BD589CF72C35 /* LoadingView.swift in Sources */,
				E8D6F21452F3797BB9C170F9 /* MainTabView.swift in Sources */,
			);
			runOnlyForDeploymentPostprocessing = 0;
		};
/* End PBXSourcesBuildPhase section */

/* Begin XCBuildConfiguration section */
		2D8EAD8805801C32F9854443 /* Release */ = {
			isa = XCBuildConfiguration;
			buildSettings = {
				ALWAYS_SEARCH_USER_PATHS = NO;
				CLANG_ANALYZER_NONNULL = YES;
				CLANG_ANALYZER_NUMBER_OBJECT_CONVERSION = YES_AGGRESSIVE;
				CLANG_CXX_LANGUAGE_STANDARD = "gnu++14";
				CLANG_CXX_LIBRARY = "libc++";
				CLANG_ENABLE_MODULES = YES;
				CLANG_ENABLE_OBJC_ARC = YES;
				CLANG_ENABLE_OBJC_WEAK = YES;
				CLANG_WARN_BLOCK_CAPTURE_AUTORELEASING = YES;
				CLANG_WARN_BOOL_CONVERSION = YES;
				CLANG_WARN_COMMA = YES;
				CLANG_WARN_CONSTANT_CONVERSION = YES;
				CLANG_WARN_DEPRECATED_OBJC_IMPLEMENTATIONS = YES;
				CLANG_WARN_DIRECT_OBJC_ISA_USAGE = YES_ERROR;
				CLANG_WARN_DOCUMENTATION_COMMENTS = YES;
				CLANG_WARN_EMPTY_BODY = YES;
				CLANG_WARN_ENUM_CONVERSION = YES;
				CLANG_WARN_INFINITE_RECURSION = YES;
				CLANG_WARN_INT_CONVERSION = YES;
				CLANG_WARN_NON_LITERAL_NULL_CONVERSION = YES;
				CLANG_WARN_OBJC_IMPLICIT_RETAIN_SELF = YES;
				CLANG_WARN_OBJC_LITERAL_CONVERSION = YES;
				CLANG_WARN_OBJC_ROOT_CLASS = YES_ERROR;
				CLANG_WARN_QUOTED_INCLUDE_IN_FRAMEWORK_HEADER = YES;
				CLANG_WARN_RANGE_LOOP_ANALYSIS = YES;
				CLANG_WARN_STRICT_PROTOTYPES = YES;
				CLANG_WARN_SUSPICIOUS_MOVE = YES;
				CLANG_WARN_UNGUARDED_AVAILABILITY = YES_AGGRESSIVE;
				CLANG_WARN_UNREACHABLE_CODE = YES;
				CLANG_WARN__DUPLICATE_METHOD_MATCH = YES;
				COPY_PHASE_STRIP = NO;
				DEBUG_INFORMATION_FORMAT = "dwarf-with-dsym";
				ENABLE_NS_ASSERTIONS = NO;
				ENABLE_STRICT_OBJC_MSGSEND = YES;
				GCC_C_LANGUAGE_STANDARD = gnu11;
				GCC_NO_COMMON_BLOCKS = YES;
				GCC_WARN_64_TO_32_BIT_CONVERSION = YES;
				GCC_WARN_ABOUT_RETURN_TYPE = YES_ERROR;
				GCC_WARN_UNDECLARED_SELECTOR = YES;
				GCC_WARN_UNINITIALIZED_AUTOS = YES_AGGRESSIVE;
				GCC_WARN_UNUSED_FUNCTION = YES;
				GCC_WARN_UNUSED_VARIABLE = YES;
				IPHONEOS_DEPLOYMENT_TARGET = 16.0;
				MTL_ENABLE_DEBUG_INFO = NO;
				MTL_FAST_MATH = YES;
				PRODUCT_NAME = "$(TARGET_NAME)";
				SDKROOT = iphoneos;
				SWIFT_COMPILATION_MODE = wholemodule;
				SWIFT_OPTIMIZATION_LEVEL = "-O";
				SWIFT_VERSION = 5.0;
			};
			name = Release;
		};
		479F5F894FFF392E850452BC /* Debug */ = {
			isa = XCBuildConfiguration;
			buildSettings = {
				ASSETCATALOG_COMPILER_APPICON_NAME = AppIcon;
				CODE_SIGN_IDENTITY = "iPhone Developer";
				CODE_SIGN_STYLE = Manual;
				CURRENT_PROJECT_VERSION = 1;
				DEVELOPMENT_TEAM = "";
				INFOPLIST_FILE = ForestBerry/Info.plist;
				LD_RUNPATH_SEARCH_PATHS = (
					"$(inherited)",
					"@executable_path/Frameworks",
				);
				MARKETING_VERSION = 1.0.0;
				PRODUCT_BUNDLE_IDENTIFIER = com.forest.berry.app;
				PROVISIONING_PROFILE_SPECIFIER = "";
				SDKROOT = iphoneos;
				SUPPORTED_PLATFORMS = "iphoneos iphonesimulator";
				SUPPORTS_MACCATALYST = NO;
				SUPPORTS_MAC_DESIGNED_FOR_IPHONE_IPAD = NO;
				SUPPORTS_XR_DESIGNED_FOR_IPHONE_IPAD = NO;
				TARGETED_DEVICE_FAMILY = 1;
			};
			name = Debug;
		};
		47A2F9B1D3BC6743278B7C6C /* Debug */ = {
			isa = XCBuildConfiguration;
			buildSettings = {
				ALWAYS_SEARCH_USER_PATHS = NO;
				CLANG_ANALYZER_NONNULL = YES;
				CLANG_ANALYZER_NUMBER_OBJECT_CONVERSION = YES_AGGRESSIVE;
				CLANG_CXX_LANGUAGE_STANDARD = "gnu++14";
				CLANG_CXX_LIBRARY = "libc++";
				CLANG_ENABLE_MODULES = YES;
				CLANG_ENABLE_OBJC_ARC = YES;
				CLANG_ENABLE_OBJC_WEAK = YES;
				CLANG_WARN_BLOCK_CAPTURE_AUTORELEASING = YES;
				CLANG_WARN_BOOL_CONVERSION = YES;
				CLANG_WARN_COMMA = YES;
				CLANG_WARN_CONSTANT_CONVERSION = YES;
				CLANG_WARN_DEPRECATED_OBJC_IMPLEMENTATIONS = YES;
				CLANG_WARN_DIRECT_OBJC_ISA_USAGE = YES_ERROR;
				CLANG_WARN_DOCUMENTATION_COMMENTS = YES;
				CLANG_WARN_EMPTY_BODY = YES;
				CLANG_WARN_ENUM_CONVERSION = YES;
				CLANG_WARN_INFINITE_RECURSION = YES;
				CLANG_WARN_INT_CONVERSION = YES;
				CLANG_WARN_NON_LITERAL_NULL_CONVERSION = YES;
				CLANG_WARN_OBJC_IMPLICIT_RETAIN_SELF = YES;
				CLANG_WARN_OBJC_LITERAL_CONVERSION = YES;
				CLANG_WARN_OBJC_ROOT_CLASS = YES_ERROR;
				CLANG_WARN_QUOTED_INCLUDE_IN_FRAMEWORK_HEADER = YES;
				CLANG_WARN_RANGE_LOOP_ANALYSIS = YES;
				CLANG_WARN_STRICT_PROTOTYPES = YES;
				CLANG_WARN_SUSPICIOUS_MOVE = YES;
				CLANG_WARN_UNGUARDED_AVAILABILITY = YES_AGGRESSIVE;
				CLANG_WARN_UNREACHABLE_CODE = YES;
				CLANG_WARN__DUPLICATE_METHOD_MATCH = YES;
				COPY_PHASE_STRIP = NO;
				DEBUG_INFORMATION_FORMAT = dwarf;
				ENABLE_STRICT_OBJC_MSGSEND = YES;
				ENABLE_TESTABILITY = YES;
				GCC_C_LANGUAGE_STANDARD = gnu11;
				GCC_DYNAMIC_NO_PIC = NO;
				GCC_NO_COMMON_BLOCKS = YES;
				GCC_OPTIMIZATION_LEVEL = 0;
				GCC_PREPROCESSOR_DEFINITIONS = (
					"$(inherited)",
					"DEBUG=1",
				);
				GCC_WARN_64_TO_32_BIT_CONVERSION = YES;
				GCC_WARN_ABOUT_RETURN_TYPE = YES_ERROR;
				GCC_WARN_UNDECLARED_SELECTOR = YES;
				GCC_WARN_UNINITIALIZED_AUTOS = YES_AGGRESSIVE;
				GCC_WARN_UNUSED_FUNCTION = YES;
				GCC_WARN_UNUSED_VARIABLE = YES;
				IPHONEOS_DEPLOYMENT_TARGET = 16.0;
				MTL_ENABLE_DEBUG_INFO = INCLUDE_SOURCE;
				MTL_FAST_MATH = YES;
				ONLY_ACTIVE_ARCH = YES;
				PRODUCT_NAME = "$(TARGET_NAME)";
				SDKROOT = iphoneos;
				SWIFT_ACTIVE_COMPILATION_CONDITIONS = DEBUG;
				SWIFT_OPTIMIZATION_LEVEL = "-Onone";
				SWIFT_VERSION = 5.0;
			};
			name = Debug;
		};
		70B06B85D7E8539E17006478 /* Release */ = {
			isa = XCBuildConfiguration;
			buildSettings = {
				ASSETCATALOG_COMPILER_APPICON_NAME = AppIcon;
				CODE_SIGN_IDENTITY = "iPhone Developer";
				CODE_SIGN_STYLE = Manual;
				CURRENT_PROJECT_VERSION = 1;
				DEVELOPMENT_TEAM = "";
				INFOPLIST_FILE = ForestBerry/Info.plist;
				LD_RUNPATH_SEARCH_PATHS = (
					"$(inherited)",
					"@executable_path/Frameworks",
				);
				MARKETING_VERSION = 1.0.0;
				PRODUCT_BUNDLE_IDENTIFIER = com.forest.berry.app;
				PROVISIONING_PROFILE_SPECIFIER = "";
				SDKROOT = iphoneos;
				SUPPORTED_PLATFORMS = "iphoneos iphonesimulator";
				SUPPORTS_MACCATALYST = NO;
				SUPPORTS_MAC_DESIGNED_FOR_IPHONE_IPAD = NO;
				SUPPORTS_XR_DESIGNED_FOR_IPHONE_IPAD = NO;
				TARGETED_DEVICE_FAMILY = 1;
			};
			name = Release;
		};
/* End XCBuildConfiguration section */

/* Begin XCConfigurationList section */
		510C73A5EBE3AA4730A1CD83 /* Build configuration list for PBXNativeTarget "ForestBerry" */ = {
			isa = XCConfigurationList;
			buildConfigurations = (
				479F5F894FFF392E850452BC /* Debug */,
				70B06B85D7E8539E17006478 /* Release */,
			);
			defaultConfigurationIsVisible = 0;
			defaultConfigurationName = Debug;
		};
		787D2AB86F84610DB2D5CB07 /* Build configuration list for PBXProject "ForestBerry" */ = {
			isa = XCConfigurationList;
			buildConfigurations = (
				47A2F9B1D3BC6743278B7C6C /* Debug */,
				2D8EAD8805801C32F9854443 /* Release */,
			);
			defaultConfigurationIsVisible = 0;
			defaultConfigurationName = Debug;
		};
/* End XCConfigurationList section */
	};
	rootObject = 5FD492FE08A234A5A6BF5FA0 /* Project object */;
}
